{
  "version": 4,
  "terraform_version": "1.3.3",
  "serial": 4,
  "lineage": "11ba0541-7b21-86e6-f7f3-3b3321cff7da",
  "outputs": {},
  "resources": [
    {
      "mode": "managed",
      "type": "digitalocean_droplet",
      "name": "ctf_droplet",
      "provider": "provider[\"registry.terraform.io/digitalocean/digitalocean\"]",
      "instances": [
        {
          "status": "tainted",
          "schema_version": 1,
          "attributes": {
            "backups": false,
            "created_at": "2024-09-16T21:20:48Z",
            "disk": 25,
            "droplet_agent": null,
            "graceful_shutdown": false,
            "id": "445707733",
            "image": "docker-20-04",
            "ipv4_address": "165.22.44.12",
            "ipv4_address_private": "10.108.0.3",
            "ipv6": false,
            "ipv6_address": "",
            "locked": false,
            "memory": 1024,
            "monitoring": false,
            "name": "ctf-droplet",
            "price_hourly": 0.00893,
            "price_monthly": 6,
            "private_networking": true,
            "region": "nyc3",
            "resize_disk": true,
            "size": "s-1vcpu-1gb",
            "ssh_keys": [
              "76:15:fa:4f:1e:fa:da:82:37:3c:3e:25:24:41:f7:bd"
            ],
            "status": "active",
            "tags": null,
            "timeouts": null,
            "urn": "do:droplet:445707733",
            "user_data": null,
            "vcpus": 1,
            "volume_ids": [],
            "vpc_uuid": "3166ae6a-92af-431d-83e4-e23c6384cb2a"
          },
          "sensitive_attributes": [],
          "private": "eyJlMmJmYjczMC1lY2FhLTExZTYtOGY4OC0zNDM2M2JjN2M0YzAiOnsiY3JlYXRlIjozNjAwMDAwMDAwMDAwLCJkZWxldGUiOjYwMDAwMDAwMDAwLCJ1cGRhdGUiOjM2MDAwMDAwMDAwMDB9LCJzY2hlbWFfdmVyc2lvbiI6IjEifQ=="
        }
      ]
    }
  ],
  "check_results": []
}
